
Microsoft Visual Studio Solution File, Format Version 12.00
# Visual Studio Version 16
VisualStudioVersion = 16.0.31613.86
MinimumVisualStudioVersion = 10.0.40219.1
Project("{FAE04EC0-301F-11D3-BF4B-00C04F79EFBC}") = "Zd5", "Zd5\Zd5.csproj", "{BC805297-C41E-4911-8B33-A402F9A00B07}"
EndProject
Global
	GlobalSection(SolutionConfigurationPlatforms) = preSolution
		Debug|Any CPU = Debug|Any CPU
		Release|Any CPU = Release|Any CPU
	EndGlobalSection
	GlobalSection(ProjectConfigurationPlatforms) = postSolution
		{BC805297-C41E-4911-8B33-A402F9A00B07}.Debug|Any CPU.ActiveCfg = Debug|Any CPU
		{BC805297-C41E-4911-8B33-A402F9A00B07}.Debug|Any CPU.Build.0 = Debug|Any CPU
		{BC805297-C41E-4911-8B33-A402F9A00B07}.Release|Any CPU.ActiveCfg = Release|Any CPU
		{BC805297-C41E-4911-8B33-A402F9A00B07}.Release|Any CPU.Build.0 = Release|Any CPU
	EndGlobalSection
	GlobalSection(SolutionProperties) = preSolution
		HideSolutionNode = FALSE
	EndGlobalSection
	GlobalSection(ExtensibilityGlobals) = postSolution
		SolutionGuid = {260B0C3E-0B7E-4C7E-9AC8-77615C7830F2}
	EndGlobalSection
EndGlobal
