
Microsoft Visual Studio Solution File, Format Version 12.00
# Visual Studio Version 16
VisualStudioVersion = 16.0.31613.86
MinimumVisualStudioVersion = 10.0.40219.1
Project("{FAE04EC0-301F-11D3-BF4B-00C04F79EFBC}") = "WpfAppRegistrationForm", "WpfAppRegistrationForm\WpfAppRegistrationForm.csproj", "{FB9FF7C0-40B4-45DF-AAE0-8BD3FE5B95A3}"
EndProject
Global
	GlobalSection(SolutionConfigurationPlatforms) = preSolution
		Debug|Any CPU = Debug|Any CPU
		Release|Any CPU = Release|Any CPU
	EndGlobalSection
	GlobalSection(ProjectConfigurationPlatforms) = postSolution
		{FB9FF7C0-40B4-45DF-AAE0-8BD3FE5B95A3}.Debug|Any CPU.ActiveCfg = Debug|Any CPU
		{FB9FF7C0-40B4-45DF-AAE0-8BD3FE5B95A3}.Debug|Any CPU.Build.0 = Debug|Any CPU
		{FB9FF7C0-40B4-45DF-AAE0-8BD3FE5B95A3}.Release|Any CPU.ActiveCfg = Release|Any CPU
		{FB9FF7C0-40B4-45DF-AAE0-8BD3FE5B95A3}.Release|Any CPU.Build.0 = Release|Any CPU
	EndGlobalSection
	GlobalSection(SolutionProperties) = preSolution
		HideSolutionNode = FALSE
	EndGlobalSection
	GlobalSection(ExtensibilityGlobals) = postSolution
		SolutionGuid = {0A69A65A-F7C3-459B-912D-E3A40E219F1F}
	EndGlobalSection
EndGlobal
