
Microsoft Visual Studio Solution File, Format Version 12.00
# Visual Studio Version 16
VisualStudioVersion = 16.0.31613.86
MinimumVisualStudioVersion = 10.0.40219.1
Project("{FAE04EC0-301F-11D3-BF4B-00C04F79EFBC}") = "Zd4", "Zd4\Zd4.csproj", "{1BD32485-A708-4043-AE2A-4289224C837C}"
EndProject
Global
	GlobalSection(SolutionConfigurationPlatforms) = preSolution
		Debug|Any CPU = Debug|Any CPU
		Release|Any CPU = Release|Any CPU
	EndGlobalSection
	GlobalSection(ProjectConfigurationPlatforms) = postSolution
		{1BD32485-A708-4043-AE2A-4289224C837C}.Debug|Any CPU.ActiveCfg = Debug|Any CPU
		{1BD32485-A708-4043-AE2A-4289224C837C}.Debug|Any CPU.Build.0 = Debug|Any CPU
		{1BD32485-A708-4043-AE2A-4289224C837C}.Release|Any CPU.ActiveCfg = Release|Any CPU
		{1BD32485-A708-4043-AE2A-4289224C837C}.Release|Any CPU.Build.0 = Release|Any CPU
	EndGlobalSection
	GlobalSection(SolutionProperties) = preSolution
		HideSolutionNode = FALSE
	EndGlobalSection
	GlobalSection(ExtensibilityGlobals) = postSolution
		SolutionGuid = {C5E3230A-BC8F-44B3-BBAB-E67519C1BD9A}
	EndGlobalSection
EndGlobal
